
Microsoft Visual Studio Solution File, Format Version 12.00
# Visual Studio 15
VisualStudioVersion = 15.0.26730.16
MinimumVisualStudioVersion = 10.0.40219.1
Project("{FAE04EC0-301F-11D3-BF4B-00C04F79EFBC}") = "repro_wrappers", "repro_wrappers\repro_wrappers.csproj", "{EEC73BA8-7A1C-4351-8EB5-A27F9D517E5A}"
EndProject
Global
	GlobalSection(SolutionConfigurationPlatforms) = preSolution
		Debug|Any CPU = Debug|Any CPU
		Release|Any CPU = Release|Any CPU
	EndGlobalSection
	GlobalSection(ProjectConfigurationPlatforms) = postSolution
		{EEC73BA8-7A1C-4351-8EB5-A27F9D517E5A}.Debug|Any CPU.ActiveCfg = Debug|Any CPU
		{EEC73BA8-7A1C-4351-8EB5-A27F9D517E5A}.Debug|Any CPU.Build.0 = Debug|Any CPU
		{EEC73BA8-7A1C-4351-8EB5-A27F9D517E5A}.Release|Any CPU.ActiveCfg = Release|Any CPU
		{EEC73BA8-7A1C-4351-8EB5-A27F9D517E5A}.Release|Any CPU.Build.0 = Release|Any CPU
	EndGlobalSection
	GlobalSection(SolutionProperties) = preSolution
		HideSolutionNode = FALSE
	EndGlobalSection
	GlobalSection(ExtensibilityGlobals) = postSolution
		SolutionGuid = {116F921A-03D3-4255-A5FA-0FD0654002F1}
	EndGlobalSection
EndGlobal
